{
  "name": "pandoc-mermaid-filter",
  "version": "0.2.0",
  "lockfileVersion": 1,
  "requires": true,
  "dependencies": {
    "get-stdin": {
      "version": "0.1.0",
      "resolved": "https://registry.npmjs.org/get-stdin/-/get-stdin-0.1.0.tgz",
      "integrity": "sha1-WZivJKr8gC0VyCxoVlfuuLENSpE="
    },
    "pandoc-filter": {
      "version": "0.1.8",
      "resolved": "https://registry.npmjs.org/pandoc-filter/-/pandoc-filter-0.1.8.tgz",
      "integrity": "sha512-vUe/6vbKX/X+7utsn5bgNXkq7G/NOfIRVguOh8LQG8wwnoqjgcsJH4xvvRRaHbUWgsAf6OQAGbPTeOsPoLwVGQ==",
      "requires": {
        "get-stdin": "0.1.0"
      }
    }
  }
}
